
Microsoft Visual Studio Solution File, Format Version 12.00
# Visual Studio Version 17
VisualStudioVersion = 17.8.34322.80
MinimumVisualStudioVersion = 10.0.40219.1
Project("{2150E333-8FDC-42A3-9474-1A3956D46DE8}") = "database", "database", "{F0C1BF10-399B-4FC8-8C24-CFD721CDAADD}"
	ProjectSection(SolutionItems) = preProject
		database\SalvationEcommerce.sql = database\SalvationEcommerce.sql
	EndProjectSection
EndProject
Project("{2150E333-8FDC-42A3-9474-1A3956D46DE8}") = "src", "src", "{D3AE49C5-E741-4517-9A34-DA0AEF1D0DF4}"
EndProject
Project("{2150E333-8FDC-42A3-9474-1A3956D46DE8}") = "test", "test", "{EE14EAEA-55AF-497B-B78B-85B2E1E26A38}"
EndProject
Project("{2150E333-8FDC-42A3-9474-1A3956D46DE8}") = "core", "core", "{87F4DB06-2D71-4539-B5D5-728BEB376963}"
EndProject
Project("{2150E333-8FDC-42A3-9474-1A3956D46DE8}") = "services", "services", "{B385C821-FA3F-4BC0-8D19-5FCF3088CF98}"
EndProject
Project("{2150E333-8FDC-42A3-9474-1A3956D46DE8}") = "presentations", "presentations", "{3133A214-5905-4839-89B0-FC9C56C542A8}"
EndProject
Project("{2150E333-8FDC-42A3-9474-1A3956D46DE8}") = "core", "core", "{EA04C837-9FC0-4579-B326-7855829B3FF6}"
EndProject
Project("{2150E333-8FDC-42A3-9474-1A3956D46DE8}") = "presentations", "presentations", "{F9572950-ED59-4274-B731-CED4840BE65C}"
EndProject
Project("{2150E333-8FDC-42A3-9474-1A3956D46DE8}") = "services", "services", "{7B52386D-0627-4301-9BE3-440DBFC67868}"
EndProject
Project("{9A19103F-16F7-4668-BE54-9A1E7A4F7556}") = "Salvation.Library.Common", "src\core\Salvation.Library.Common\Salvation.Library.Common.csproj", "{7AA002A5-EE62-4A24-89B2-38761973E92A}"
EndProject
Project("{9A19103F-16F7-4668-BE54-9A1E7A4F7556}") = "Salvation.Library.Infrastructure", "src\core\Salvation.Library.Infrastructure\Salvation.Library.Infrastructure.csproj", "{525E40D5-3BF5-44EF-A8E8-E05E697D9A58}"
EndProject
Project("{9A19103F-16F7-4668-BE54-9A1E7A4F7556}") = "Salvation.Library.Models", "src\core\Salvation.Library.Models\Salvation.Library.Models.csproj", "{B34D480E-7672-476C-ACC8-288CAA65C9BD}"
EndProject
Project("{9A19103F-16F7-4668-BE54-9A1E7A4F7556}") = "Salvation.Library.Services.Test", "test\core\Salvation.Library.Services.Test\Salvation.Library.Services.Test.csproj", "{9E202C0A-FDED-4415-8C70-455AFC05DD66}"
EndProject
Project("{9A19103F-16F7-4668-BE54-9A1E7A4F7556}") = "Salvation.Presentation.WebAdmin.Test", "test\presentations\Salvation.Presentation.WebAdmin.Test\Salvation.Presentation.WebAdmin.Test.csproj", "{84A9F65A-EC4D-43C4-B2AE-A29BD9863CE0}"
EndProject
Project("{2150E333-8FDC-42A3-9474-1A3956D46DE8}") = "AuthService", "AuthService", "{0DFA2489-EB20-47A1-9858-BF889EA3C90A}"
EndProject
Project("{9A19103F-16F7-4668-BE54-9A1E7A4F7556}") = "Salvation.Services.AuthApi", "src\services\AuthService\Salvation.Services.AuthApi\Salvation.Services.AuthApi.csproj", "{E0424C78-205C-4144-A1BD-C982321485BD}"
EndProject
Project("{9A19103F-16F7-4668-BE54-9A1E7A4F7556}") = "Salvation.Services.AuthService", "src\services\AuthService\Salvation.Services.AuthService\Salvation.Services.AuthService.csproj", "{60D3A7C4-F0EF-4B9E-B57F-33F7B2E40D65}"
EndProject
Project("{9A19103F-16F7-4668-BE54-9A1E7A4F7556}") = "Salvation.Services.AuthHandler", "src\services\AuthService\Salvation.Services.AuthHandler\Salvation.Services.AuthHandler.csproj", "{87E46497-4FFC-47F3-B249-81BC69D327B9}"
EndProject
Project("{2150E333-8FDC-42A3-9474-1A3956D46DE8}") = "AuthService", "AuthService", "{B4C25B93-F566-43E8-821F-E174F66BC3F3}"
EndProject
Project("{9A19103F-16F7-4668-BE54-9A1E7A4F7556}") = "Salvation.Services.AuthApi.Test", "test\services\AuthService\Salvation.Services.AuthApi.Test\Salvation.Services.AuthApi.Test.csproj", "{D039A16D-4A6B-484D-AB82-D9D91937D606}"
EndProject
Project("{9A19103F-16F7-4668-BE54-9A1E7A4F7556}") = "Salvation.Services.AuthHandler.Test", "test\services\AuthService\Salvation.Services.AuthHandler.Test\Salvation.Services.AuthHandler.Test.csproj", "{218ED46D-43F6-4B5E-A5E8-6B89168D6B70}"
EndProject
Project("{9A19103F-16F7-4668-BE54-9A1E7A4F7556}") = "Salvation.Services.AuthService.Test", "test\services\AuthService\Salvation.Services.AuthService.Test\Salvation.Services.AuthService.Test.csproj", "{200C3CFF-9EA5-4096-A202-9BB39F0779CE}"
EndProject
Project("{9A19103F-16F7-4668-BE54-9A1E7A4F7556}") = "Salvation.Presentation.WebApp", "src\presentations\Salvation.Presentation.WebApp\Salvation.Presentation.WebApp.csproj", "{21978AE4-1053-49A9-868B-7C650345E127}"
EndProject
Project("{2150E333-8FDC-42A3-9474-1A3956D46DE8}") = "FileService", "FileService", "{B1ABF415-BF97-48B4-8B78-E84FE78CB0F0}"
EndProject
Project("{9A19103F-16F7-4668-BE54-9A1E7A4F7556}") = "Salvation.Services.FileService", "src\services\FileService\Salvation.Services.FileService\Salvation.Services.FileService.csproj", "{EED425F5-0B5B-4762-A2E7-82C697C96679}"
EndProject
Project("{2150E333-8FDC-42A3-9474-1A3956D46DE8}") = "ProductService", "ProductService", "{52E1A36F-8BD5-4725-859E-071570FC5751}"
EndProject
Project("{9A19103F-16F7-4668-BE54-9A1E7A4F7556}") = "Salvation.Services.ProductApi", "src\services\ProductService\Salvation.Services.ProductApi\Salvation.Services.ProductApi.csproj", "{C1D81A70-5A11-4D1A-8F6F-C78445BDF39F}"
EndProject
Project("{9A19103F-16F7-4668-BE54-9A1E7A4F7556}") = "Salvation.Handlers.Products", "src\services\ProductService\Salvation.Services.ProductHandler\Salvation.Handlers.Products.csproj", "{EB92AB98-071A-498D-995D-3F36E9CAAF98}"
EndProject
Project("{9A19103F-16F7-4668-BE54-9A1E7A4F7556}") = "Salvation.Services.Products", "src\services\ProductService\Salvation.Services.ProductService\Salvation.Services.Products.csproj", "{957EF269-D626-4899-8B20-7E71543CB884}"
EndProject
Project("{9A19103F-16F7-4668-BE54-9A1E7A4F7556}") = "Salvation.Services.Categories", "src\services\ProductService\Salvation.Services.CategoryService\Salvation.Services.Categories.csproj", "{EA819A3B-24E1-44B4-AE70-1F90720F9D8D}"
EndProject
Project("{9A19103F-16F7-4668-BE54-9A1E7A4F7556}") = "Salvation.Services.Manufactures", "src\services\ProductService\Salvation.Services.ManufactureService\Salvation.Services.Manufactures.csproj", "{97C93AF2-3E38-44FC-9E75-8A84946BD3E8}"
EndProject
Project("{9A19103F-16F7-4668-BE54-9A1E7A4F7556}") = "Salvation.Library.Controller", "src\core\Salvation.Library.Controller\Salvation.Library.Controller.csproj", "{0AFD0E2D-5C3A-4620-8D22-1CB09F51CC81}"
EndProject
Project("{FAE04EC0-301F-11D3-BF4B-00C04F79EFBC}") = "Salvation.Presentation.WebAdmin", "src\presentations\Salvation.Presentation.WebAdmin\Salvation.Presentation.WebAdmin.csproj", "{CF08587D-0BC0-4D3E-AFB0-C814AB546AFE}"
EndProject
Global
	GlobalSection(SolutionConfigurationPlatforms) = preSolution
		Debug|Any CPU = Debug|Any CPU
		Release|Any CPU = Release|Any CPU
	EndGlobalSection
	GlobalSection(ProjectConfigurationPlatforms) = postSolution
		{7AA002A5-EE62-4A24-89B2-38761973E92A}.Debug|Any CPU.ActiveCfg = Debug|Any CPU
		{7AA002A5-EE62-4A24-89B2-38761973E92A}.Debug|Any CPU.Build.0 = Debug|Any CPU
		{7AA002A5-EE62-4A24-89B2-38761973E92A}.Release|Any CPU.ActiveCfg = Release|Any CPU
		{7AA002A5-EE62-4A24-89B2-38761973E92A}.Release|Any CPU.Build.0 = Release|Any CPU
		{525E40D5-3BF5-44EF-A8E8-E05E697D9A58}.Debug|Any CPU.ActiveCfg = Debug|Any CPU
		{525E40D5-3BF5-44EF-A8E8-E05E697D9A58}.Debug|Any CPU.Build.0 = Debug|Any CPU
		{525E40D5-3BF5-44EF-A8E8-E05E697D9A58}.Release|Any CPU.ActiveCfg = Release|Any CPU
		{525E40D5-3BF5-44EF-A8E8-E05E697D9A58}.Release|Any CPU.Build.0 = Release|Any CPU
		{B34D480E-7672-476C-ACC8-288CAA65C9BD}.Debug|Any CPU.ActiveCfg = Debug|Any CPU
		{B34D480E-7672-476C-ACC8-288CAA65C9BD}.Debug|Any CPU.Build.0 = Debug|Any CPU
		{B34D480E-7672-476C-ACC8-288CAA65C9BD}.Release|Any CPU.ActiveCfg = Release|Any CPU
		{B34D480E-7672-476C-ACC8-288CAA65C9BD}.Release|Any CPU.Build.0 = Release|Any CPU
		{9E202C0A-FDED-4415-8C70-455AFC05DD66}.Debug|Any CPU.ActiveCfg = Debug|Any CPU
		{9E202C0A-FDED-4415-8C70-455AFC05DD66}.Debug|Any CPU.Build.0 = Debug|Any CPU
		{9E202C0A-FDED-4415-8C70-455AFC05DD66}.Release|Any CPU.ActiveCfg = Release|Any CPU
		{9E202C0A-FDED-4415-8C70-455AFC05DD66}.Release|Any CPU.Build.0 = Release|Any CPU
		{84A9F65A-EC4D-43C4-B2AE-A29BD9863CE0}.Debug|Any CPU.ActiveCfg = Debug|Any CPU
		{84A9F65A-EC4D-43C4-B2AE-A29BD9863CE0}.Debug|Any CPU.Build.0 = Debug|Any CPU
		{84A9F65A-EC4D-43C4-B2AE-A29BD9863CE0}.Release|Any CPU.ActiveCfg = Release|Any CPU
		{84A9F65A-EC4D-43C4-B2AE-A29BD9863CE0}.Release|Any CPU.Build.0 = Release|Any CPU
		{E0424C78-205C-4144-A1BD-C982321485BD}.Debug|Any CPU.ActiveCfg = Debug|Any CPU
		{E0424C78-205C-4144-A1BD-C982321485BD}.Debug|Any CPU.Build.0 = Debug|Any CPU
		{E0424C78-205C-4144-A1BD-C982321485BD}.Release|Any CPU.ActiveCfg = Release|Any CPU
		{E0424C78-205C-4144-A1BD-C982321485BD}.Release|Any CPU.Build.0 = Release|Any CPU
		{60D3A7C4-F0EF-4B9E-B57F-33F7B2E40D65}.Debug|Any CPU.ActiveCfg = Debug|Any CPU
		{60D3A7C4-F0EF-4B9E-B57F-33F7B2E40D65}.Debug|Any CPU.Build.0 = Debug|Any CPU
		{60D3A7C4-F0EF-4B9E-B57F-33F7B2E40D65}.Release|Any CPU.ActiveCfg = Release|Any CPU
		{60D3A7C4-F0EF-4B9E-B57F-33F7B2E40D65}.Release|Any CPU.Build.0 = Release|Any CPU
		{87E46497-4FFC-47F3-B249-81BC69D327B9}.Debug|Any CPU.ActiveCfg = Debug|Any CPU
		{87E46497-4FFC-47F3-B249-81BC69D327B9}.Debug|Any CPU.Build.0 = Debug|Any CPU
		{87E46497-4FFC-47F3-B249-81BC69D327B9}.Release|Any CPU.ActiveCfg = Release|Any CPU
		{87E46497-4FFC-47F3-B249-81BC69D327B9}.Release|Any CPU.Build.0 = Release|Any CPU
		{D039A16D-4A6B-484D-AB82-D9D91937D606}.Debug|Any CPU.ActiveCfg = Debug|Any CPU
		{D039A16D-4A6B-484D-AB82-D9D91937D606}.Debug|Any CPU.Build.0 = Debug|Any CPU
		{D039A16D-4A6B-484D-AB82-D9D91937D606}.Release|Any CPU.ActiveCfg = Release|Any CPU
		{D039A16D-4A6B-484D-AB82-D9D91937D606}.Release|Any CPU.Build.0 = Release|Any CPU
		{218ED46D-43F6-4B5E-A5E8-6B89168D6B70}.Debug|Any CPU.ActiveCfg = Debug|Any CPU
		{218ED46D-43F6-4B5E-A5E8-6B89168D6B70}.Debug|Any CPU.Build.0 = Debug|Any CPU
		{218ED46D-43F6-4B5E-A5E8-6B89168D6B70}.Release|Any CPU.ActiveCfg = Release|Any CPU
		{218ED46D-43F6-4B5E-A5E8-6B89168D6B70}.Release|Any CPU.Build.0 = Release|Any CPU
		{200C3CFF-9EA5-4096-A202-9BB39F0779CE}.Debug|Any CPU.ActiveCfg = Debug|Any CPU
		{200C3CFF-9EA5-4096-A202-9BB39F0779CE}.Debug|Any CPU.Build.0 = Debug|Any CPU
		{200C3CFF-9EA5-4096-A202-9BB39F0779CE}.Release|Any CPU.ActiveCfg = Release|Any CPU
		{200C3CFF-9EA5-4096-A202-9BB39F0779CE}.Release|Any CPU.Build.0 = Release|Any CPU
		{21978AE4-1053-49A9-868B-7C650345E127}.Debug|Any CPU.ActiveCfg = Debug|Any CPU
		{21978AE4-1053-49A9-868B-7C650345E127}.Debug|Any CPU.Build.0 = Debug|Any CPU
		{21978AE4-1053-49A9-868B-7C650345E127}.Release|Any CPU.ActiveCfg = Release|Any CPU
		{21978AE4-1053-49A9-868B-7C650345E127}.Release|Any CPU.Build.0 = Release|Any CPU
		{EED425F5-0B5B-4762-A2E7-82C697C96679}.Debug|Any CPU.ActiveCfg = Debug|Any CPU
		{EED425F5-0B5B-4762-A2E7-82C697C96679}.Debug|Any CPU.Build.0 = Debug|Any CPU
		{EED425F5-0B5B-4762-A2E7-82C697C96679}.Release|Any CPU.ActiveCfg = Release|Any CPU
		{EED425F5-0B5B-4762-A2E7-82C697C96679}.Release|Any CPU.Build.0 = Release|Any CPU
		{C1D81A70-5A11-4D1A-8F6F-C78445BDF39F}.Debug|Any CPU.ActiveCfg = Debug|Any CPU
		{C1D81A70-5A11-4D1A-8F6F-C78445BDF39F}.Debug|Any CPU.Build.0 = Debug|Any CPU
		{C1D81A70-5A11-4D1A-8F6F-C78445BDF39F}.Release|Any CPU.ActiveCfg = Release|Any CPU
		{C1D81A70-5A11-4D1A-8F6F-C78445BDF39F}.Release|Any CPU.Build.0 = Release|Any CPU
		{EB92AB98-071A-498D-995D-3F36E9CAAF98}.Debug|Any CPU.ActiveCfg = Debug|Any CPU
		{EB92AB98-071A-498D-995D-3F36E9CAAF98}.Debug|Any CPU.Build.0 = Debug|Any CPU
		{EB92AB98-071A-498D-995D-3F36E9CAAF98}.Release|Any CPU.ActiveCfg = Release|Any CPU
		{EB92AB98-071A-498D-995D-3F36E9CAAF98}.Release|Any CPU.Build.0 = Release|Any CPU
		{957EF269-D626-4899-8B20-7E71543CB884}.Debug|Any CPU.ActiveCfg = Debug|Any CPU
		{957EF269-D626-4899-8B20-7E71543CB884}.Debug|Any CPU.Build.0 = Debug|Any CPU
		{957EF269-D626-4899-8B20-7E71543CB884}.Release|Any CPU.ActiveCfg = Release|Any CPU
		{957EF269-D626-4899-8B20-7E71543CB884}.Release|Any CPU.Build.0 = Release|Any CPU
		{EA819A3B-24E1-44B4-AE70-1F90720F9D8D}.Debug|Any CPU.ActiveCfg = Debug|Any CPU
		{EA819A3B-24E1-44B4-AE70-1F90720F9D8D}.Debug|Any CPU.Build.0 = Debug|Any CPU
		{EA819A3B-24E1-44B4-AE70-1F90720F9D8D}.Release|Any CPU.ActiveCfg = Release|Any CPU
		{EA819A3B-24E1-44B4-AE70-1F90720F9D8D}.Release|Any CPU.Build.0 = Release|Any CPU
		{97C93AF2-3E38-44FC-9E75-8A84946BD3E8}.Debug|Any CPU.ActiveCfg = Debug|Any CPU
		{97C93AF2-3E38-44FC-9E75-8A84946BD3E8}.Debug|Any CPU.Build.0 = Debug|Any CPU
		{97C93AF2-3E38-44FC-9E75-8A84946BD3E8}.Release|Any CPU.ActiveCfg = Release|Any CPU
		{97C93AF2-3E38-44FC-9E75-8A84946BD3E8}.Release|Any CPU.Build.0 = Release|Any CPU
		{0AFD0E2D-5C3A-4620-8D22-1CB09F51CC81}.Debug|Any CPU.ActiveCfg = Debug|Any CPU
		{0AFD0E2D-5C3A-4620-8D22-1CB09F51CC81}.Debug|Any CPU.Build.0 = Debug|Any CPU
		{0AFD0E2D-5C3A-4620-8D22-1CB09F51CC81}.Release|Any CPU.ActiveCfg = Release|Any CPU
		{0AFD0E2D-5C3A-4620-8D22-1CB09F51CC81}.Release|Any CPU.Build.0 = Release|Any CPU
		{CF08587D-0BC0-4D3E-AFB0-C814AB546AFE}.Debug|Any CPU.ActiveCfg = Debug|Any CPU
		{CF08587D-0BC0-4D3E-AFB0-C814AB546AFE}.Debug|Any CPU.Build.0 = Debug|Any CPU
		{CF08587D-0BC0-4D3E-AFB0-C814AB546AFE}.Release|Any CPU.ActiveCfg = Release|Any CPU
		{CF08587D-0BC0-4D3E-AFB0-C814AB546AFE}.Release|Any CPU.Build.0 = Release|Any CPU
	EndGlobalSection
	GlobalSection(SolutionProperties) = preSolution
		HideSolutionNode = FALSE
	EndGlobalSection
	GlobalSection(NestedProjects) = preSolution
		{87F4DB06-2D71-4539-B5D5-728BEB376963} = {D3AE49C5-E741-4517-9A34-DA0AEF1D0DF4}
		{B385C821-FA3F-4BC0-8D19-5FCF3088CF98} = {D3AE49C5-E741-4517-9A34-DA0AEF1D0DF4}
		{3133A214-5905-4839-89B0-FC9C56C542A8} = {D3AE49C5-E741-4517-9A34-DA0AEF1D0DF4}
		{EA04C837-9FC0-4579-B326-7855829B3FF6} = {EE14EAEA-55AF-497B-B78B-85B2E1E26A38}
		{F9572950-ED59-4274-B731-CED4840BE65C} = {EE14EAEA-55AF-497B-B78B-85B2E1E26A38}
		{7B52386D-0627-4301-9BE3-440DBFC67868} = {EE14EAEA-55AF-497B-B78B-85B2E1E26A38}
		{7AA002A5-EE62-4A24-89B2-38761973E92A} = {87F4DB06-2D71-4539-B5D5-728BEB376963}
		{525E40D5-3BF5-44EF-A8E8-E05E697D9A58} = {87F4DB06-2D71-4539-B5D5-728BEB376963}
		{B34D480E-7672-476C-ACC8-288CAA65C9BD} = {87F4DB06-2D71-4539-B5D5-728BEB376963}
		{9E202C0A-FDED-4415-8C70-455AFC05DD66} = {EA04C837-9FC0-4579-B326-7855829B3FF6}
		{84A9F65A-EC4D-43C4-B2AE-A29BD9863CE0} = {F9572950-ED59-4274-B731-CED4840BE65C}
		{0DFA2489-EB20-47A1-9858-BF889EA3C90A} = {B385C821-FA3F-4BC0-8D19-5FCF3088CF98}
		{E0424C78-205C-4144-A1BD-C982321485BD} = {0DFA2489-EB20-47A1-9858-BF889EA3C90A}
		{60D3A7C4-F0EF-4B9E-B57F-33F7B2E40D65} = {0DFA2489-EB20-47A1-9858-BF889EA3C90A}
		{87E46497-4FFC-47F3-B249-81BC69D327B9} = {0DFA2489-EB20-47A1-9858-BF889EA3C90A}
		{B4C25B93-F566-43E8-821F-E174F66BC3F3} = {7B52386D-0627-4301-9BE3-440DBFC67868}
		{D039A16D-4A6B-484D-AB82-D9D91937D606} = {B4C25B93-F566-43E8-821F-E174F66BC3F3}
		{218ED46D-43F6-4B5E-A5E8-6B89168D6B70} = {B4C25B93-F566-43E8-821F-E174F66BC3F3}
		{200C3CFF-9EA5-4096-A202-9BB39F0779CE} = {B4C25B93-F566-43E8-821F-E174F66BC3F3}
		{21978AE4-1053-49A9-868B-7C650345E127} = {3133A214-5905-4839-89B0-FC9C56C542A8}
		{B1ABF415-BF97-48B4-8B78-E84FE78CB0F0} = {B385C821-FA3F-4BC0-8D19-5FCF3088CF98}
		{EED425F5-0B5B-4762-A2E7-82C697C96679} = {B1ABF415-BF97-48B4-8B78-E84FE78CB0F0}
		{52E1A36F-8BD5-4725-859E-071570FC5751} = {B385C821-FA3F-4BC0-8D19-5FCF3088CF98}
		{C1D81A70-5A11-4D1A-8F6F-C78445BDF39F} = {52E1A36F-8BD5-4725-859E-071570FC5751}
		{EB92AB98-071A-498D-995D-3F36E9CAAF98} = {52E1A36F-8BD5-4725-859E-071570FC5751}
		{957EF269-D626-4899-8B20-7E71543CB884} = {52E1A36F-8BD5-4725-859E-071570FC5751}
		{EA819A3B-24E1-44B4-AE70-1F90720F9D8D} = {52E1A36F-8BD5-4725-859E-071570FC5751}
		{97C93AF2-3E38-44FC-9E75-8A84946BD3E8} = {52E1A36F-8BD5-4725-859E-071570FC5751}
		{0AFD0E2D-5C3A-4620-8D22-1CB09F51CC81} = {87F4DB06-2D71-4539-B5D5-728BEB376963}
		{CF08587D-0BC0-4D3E-AFB0-C814AB546AFE} = {3133A214-5905-4839-89B0-FC9C56C542A8}
	EndGlobalSection
	GlobalSection(ExtensibilityGlobals) = postSolution
		SolutionGuid = {BA3597C9-2732-4BE0-9C97-4D446D273867}
	EndGlobalSection
EndGlobal
